// !$*UTF8*$!
{
	archiveVersion = 1;
	classes = {
	};
	objectVersion = 46;
	objects = {

/* Begin PBXBuildFile section */
		549BB54F1DF8FA3500C6A346 /* AppDelegate.swift in Sources */ = {isa = PBXBuildFile; fileRef = 549BB54E1DF8FA3500C6A346 /* AppDelegate.swift */; };
		549BB5541DF8FA3500C6A346 /* Main.storyboard in Resources */ = {isa = PBXBuildFile; fileRef = 549BB5521DF8FA3500C6A346 /* Main.storyboard */; };
		549BB5561DF8FA3500C6A346 /* Assets.xcassets in Resources */ = {isa = PBXBuildFile; fileRef = 549BB5551DF8FA3500C6A346 /* Assets.xcassets */; };
		549BB5591DF8FA3500C6A346 /* LaunchScreen.storyboard in Resources */ = {isa = PBXBuildFile; fileRef = 549BB5571DF8FA3500C6A346 /* LaunchScreen.storyboard */; };
		549BB5661DF8FACF00C6A346 /* LifeViewController.swift in Sources */ = {isa = PBXBuildFile; fileRef = 549BB5651DF8FACF00C6A346 /* LifeViewController.swift */; };
		549BB5681DF8FAEE00C6A346 /* LoginViewController.swift in Sources */ = {isa = PBXBuildFile; fileRef = 549BB5671DF8FAEE00C6A346 /* LoginViewController.swift */; };
		549BB56C1DF9046F00C6A346 /* FoodPlace.swift in Sources */ = {isa = PBXBuildFile; fileRef = 549BB56B1DF9046F00C6A346 /* FoodPlace.swift */; };
		549BB5761DF9059D00C6A346 /* SomeWhereToLove.swift in Sources */ = {isa = PBXBuildFile; fileRef = 549BB5751DF9059D00C6A346 /* SomeWhereToLove.swift */; };
		549BB5781DF905EE00C6A346 /* LiveStreamViewController.swift in Sources */ = {isa = PBXBuildFile; fileRef = 549BB5771DF905EE00C6A346 /* LiveStreamViewController.swift */; };
		549BB57A1DF9061A00C6A346 /* BlogViewController.swift in Sources */ = {isa = PBXBuildFile; fileRef = 549BB5791DF9061A00C6A346 /* BlogViewController.swift */; };
		549BB57C1DF9068300C6A346 /* TwitterClient.swift in Sources */ = {isa = PBXBuildFile; fileRef = 549BB57B1DF9068300C6A346 /* TwitterClient.swift */; };
		549BB57E1DF906A400C6A346 /* FacebookClient.swift in Sources */ = {isa = PBXBuildFile; fileRef = 549BB57D1DF906A400C6A346 /* FacebookClient.swift */; };
		549BB5801DF906C200C6A346 /* GooglePlusClient.swift in Sources */ = {isa = PBXBuildFile; fileRef = 549BB57F1DF906C200C6A346 /* GooglePlusClient.swift */; };
		549BB5821DF9125300C6A346 /* TinderViewController.swift in Sources */ = {isa = PBXBuildFile; fileRef = 549BB5811DF9125300C6A346 /* TinderViewController.swift */; };
		54A5F7B01DF936BA003EA2C9 /* ChatChitViewController.swift in Sources */ = {isa = PBXBuildFile; fileRef = 54A5F7AF1DF936BA003EA2C9 /* ChatChitViewController.swift */; };
/* End PBXBuildFile section */

/* Begin PBXFileReference section */
		549BB54B1DF8FA3500C6A346 /* YourLife.app */ = {isa = PBXFileReference; explicitFileType = wrapper.application; includeInIndex = 0; path = YourLife.app; sourceTree = BUILT_PRODUCTS_DIR; };
		549BB54E1DF8FA3500C6A346 /* AppDelegate.swift */ = {isa = PBXFileReference; lastKnownFileType = sourcecode.swift; path = AppDelegate.swift; sourceTree = "<group>"; };
		549BB5531DF8FA3500C6A346 /* Base */ = {isa = PBXFileReference; lastKnownFileType = file.storyboard; name = Base; path = Base.lproj/Main.storyboard; sourceTree = "<group>"; };
		549BB5551DF8FA3500C6A346 /* Assets.xcassets */ = {isa = PBXFileReference; lastKnownFileType = folder.assetcatalog; path = Assets.xcassets; sourceTree = "<group>"; };
		549BB5581DF8FA3500C6A346 /* Base */ = {isa = PBXFileReference; lastKnownFileType = file.storyboard; name = Base; path = Base.lproj/LaunchScreen.storyboard; sourceTree = "<group>"; };
		549BB55A1DF8FA3500C6A346 /* Info.plist */ = {isa = PBXFileReference; lastKnownFileType = text.plist.xml; path = Info.plist; sourceTree = "<group>"; };
		549BB5651DF8FACF00C6A346 /* LifeViewController.swift */ = {isa = PBXFileReference; fileEncoding = 4; lastKnownFileType = sourcecode.swift; path = LifeViewController.swift; sourceTree = "<group>"; };
		549BB5671DF8FAEE00C6A346 /* LoginViewController.swift */ = {isa = PBXFileReference; fileEncoding = 4; lastKnownFileType = sourcecode.swift; path = LoginViewController.swift; sourceTree = "<group>"; };
		549BB56B1DF9046F00C6A346 /* FoodPlace.swift */ = {isa = PBXFileReference; fileEncoding = 4; lastKnownFileType = sourcecode.swift; name = FoodPlace.swift; path = Model/FoodPlace.swift; sourceTree = "<group>"; };
		549BB5751DF9059D00C6A346 /* SomeWhereToLove.swift */ = {isa = PBXFileReference; fileEncoding = 4; lastKnownFileType = sourcecode.swift; name = SomeWhereToLove.swift; path = Model/SomeWhereToLove.swift; sourceTree = "<group>"; };
		549BB5771DF905EE00C6A346 /* LiveStreamViewController.swift */ = {isa = PBXFileReference; fileEncoding = 4; lastKnownFileType = sourcecode.swift; path = LiveStreamViewController.swift; sourceTree = "<group>"; };
		549BB5791DF9061A00C6A346 /* BlogViewController.swift */ = {isa = PBXFileReference; fileEncoding = 4; lastKnownFileType = sourcecode.swift; path = BlogViewController.swift; sourceTree = "<group>"; };
		549BB57B1DF9068300C6A346 /* TwitterClient.swift */ = {isa = PBXFileReference; fileEncoding = 4; lastKnownFileType = sourcecode.swift; path = TwitterClient.swift; sourceTree = "<group>"; };
		549BB57D1DF906A400C6A346 /* FacebookClient.swift */ = {isa = PBXFileReference; fileEncoding = 4; lastKnownFileType = sourcecode.swift; path = FacebookClient.swift; sourceTree = "<group>"; };
		549BB57F1DF906C200C6A346 /* GooglePlusClient.swift */ = {isa = PBXFileReference; fileEncoding = 4; lastKnownFileType = sourcecode.swift; path = GooglePlusClient.swift; sourceTree = "<group>"; };
		549BB5811DF9125300C6A346 /* TinderViewController.swift */ = {isa = PBXFileReference; fileEncoding = 4; lastKnownFileType = sourcecode.swift; path = TinderViewController.swift; sourceTree = "<group>"; };
		54A5F7AF1DF936BA003EA2C9 /* ChatChitViewController.swift */ = {isa = PBXFileReference; fileEncoding = 4; lastKnownFileType = sourcecode.swift; path = ChatChitViewController.swift; sourceTree = "<group>"; };
/* End PBXFileReference section */

/* Begin PBXFrameworksBuildPhase section */
		549BB5481DF8FA3500C6A346 /* Frameworks */ = {
			isa = PBXFrameworksBuildPhase;
			buildActionMask = 2147483647;
			files = (
			);
			runOnlyForDeploymentPostprocessing = 0;
		};
/* End PBXFrameworksBuildPhase section */

/* Begin PBXGroup section */
		549BB5421DF8FA3500C6A346 = {
			isa = PBXGroup;
			children = (
				549BB54D1DF8FA3500C6A346 /* YourLife */,
				549BB54C1DF8FA3500C6A346 /* Products */,
			);
			sourceTree = "<group>";
		};
		549BB54C1DF8FA3500C6A346 /* Products */ = {
			isa = PBXGroup;
			children = (
				549BB54B1DF8FA3500C6A346 /* YourLife.app */,
			);
			name = Products;
			sourceTree = "<group>";
		};
		549BB54D1DF8FA3500C6A346 /* YourLife */ = {
			isa = PBXGroup;
			children = (
				549BB5611DF8FA9D00C6A346 /* API */,
				549BB5631DF8FA9D00C6A346 /* View */,
				549BB5641DF8FA9D00C6A346 /* ViewController */,
				549BB5601DF8FA4D00C6A346 /* Model */,
				549BB54E1DF8FA3500C6A346 /* AppDelegate.swift */,
				549BB5521DF8FA3500C6A346 /* Main.storyboard */,
				549BB5551DF8FA3500C6A346 /* Assets.xcassets */,
				549BB5571DF8FA3500C6A346 /* LaunchScreen.storyboard */,
				549BB55A1DF8FA3500C6A346 /* Info.plist */,
			);
			path = YourLife;
			sourceTree = "<group>";
		};
		549BB5601DF8FA4D00C6A346 /* Model */ = {
			isa = PBXGroup;
			children = (
				549BB5701DF9050C00C6A346 /* Facebook */,
				549BB5711DF9050C00C6A346 /* GooglePlus */,
				549BB5721DF9050C00C6A346 /* Twitter */,
				549BB56B1DF9046F00C6A346 /* FoodPlace.swift */,
				549BB5751DF9059D00C6A346 /* SomeWhereToLove.swift */,
			);
			name = Model;
			sourceTree = "<group>";
		};
		549BB5611DF8FA9D00C6A346 /* API */ = {
			isa = PBXGroup;
			children = (
				549BB57B1DF9068300C6A346 /* TwitterClient.swift */,
				549BB57D1DF906A400C6A346 /* FacebookClient.swift */,
				549BB57F1DF906C200C6A346 /* GooglePlusClient.swift */,
			);
			path = API;
			sourceTree = "<group>";
		};
		549BB5631DF8FA9D00C6A346 /* View */ = {
			isa = PBXGroup;
			children = (
			);
			path = View;
			sourceTree = "<group>";
		};
		549BB5641DF8FA9D00C6A346 /* ViewController */ = {
			isa = PBXGroup;
			children = (
				549BB5651DF8FACF00C6A346 /* LifeViewController.swift */,
				549BB5671DF8FAEE00C6A346 /* LoginViewController.swift */,
				549BB5771DF905EE00C6A346 /* LiveStreamViewController.swift */,
				549BB5791DF9061A00C6A346 /* BlogViewController.swift */,
				549BB5811DF9125300C6A346 /* TinderViewController.swift */,
				54A5F7AF1DF936BA003EA2C9 /* ChatChitViewController.swift */,
			);
			path = ViewController;
			sourceTree = "<group>";
		};
		549BB5701DF9050C00C6A346 /* Facebook */ = {
			isa = PBXGroup;
			children = (
			);
			name = Facebook;
			path = Model/Facebook;
			sourceTree = "<group>";
		};
		549BB5711DF9050C00C6A346 /* GooglePlus */ = {
			isa = PBXGroup;
			children = (
			);
			name = GooglePlus;
			path = Model/GooglePlus;
			sourceTree = "<group>";
		};
		549BB5721DF9050C00C6A346 /* Twitter */ = {
			isa = PBXGroup;
			children = (
			);
			name = Twitter;
			path = Model/Twitter;
			sourceTree = "<group>";
		};
/* End PBXGroup section */

/* Begin PBXNativeTarget section */
		549BB54A1DF8FA3500C6A346 /* YourLife */ = {
			isa = PBXNativeTarget;
			buildConfigurationList = 549BB55D1DF8FA3500C6A346 /* Build configuration list for PBXNativeTarget "YourLife" */;
			buildPhases = (
				549BB5471DF8FA3500C6A346 /* Sources */,
				549BB5481DF8FA3500C6A346 /* Frameworks */,
				549BB5491DF8FA3500C6A346 /* Resources */,
			);
			buildRules = (
			);
			dependencies = (
			);
			name = YourLife;
			productName = YourLife;
			productReference = 549BB54B1DF8FA3500C6A346 /* YourLife.app */;
			productType = "com.apple.product-type.application";
		};
/* End PBXNativeTarget section */

/* Begin PBXProject section */
		549BB5431DF8FA3500C6A346 /* Project object */ = {
			isa = PBXProject;
			attributes = {
				LastSwiftUpdateCheck = 0810;
				LastUpgradeCheck = 0810;
				ORGANIZATIONNAME = "Nguyen Thanh Thuc";
				TargetAttributes = {
					549BB54A1DF8FA3500C6A346 = {
						CreatedOnToolsVersion = 8.1;
						ProvisioningStyle = Automatic;
					};
				};
			};
			buildConfigurationList = 549BB5461DF8FA3500C6A346 /* Build configuration list for PBXProject "YourLife" */;
			compatibilityVersion = "Xcode 3.2";
			developmentRegion = English;
			hasScannedForEncodings = 0;
			knownRegions = (
				en,
				Base,
			);
			mainGroup = 549BB5421DF8FA3500C6A346;
			productRefGroup = 549BB54C1DF8FA3500C6A346 /* Products */;
			projectDirPath = "";
			projectRoot = "";
			targets = (
				549BB54A1DF8FA3500C6A346 /* YourLife */,
			);
		};
/* End PBXProject section */

/* Begin PBXResourcesBuildPhase section */
		549BB5491DF8FA3500C6A346 /* Resources */ = {
			isa = PBXResourcesBuildPhase;
			buildActionMask = 2147483647;
			files = (
				549BB5591DF8FA3500C6A346 /* LaunchScreen.storyboard in Resources */,
				549BB5561DF8FA3500C6A346 /* Assets.xcassets in Resources */,
				549BB5541DF8FA3500C6A346 /* Main.storyboard in Resources */,
			);
			runOnlyForDeploymentPostprocessing = 0;
		};
/* End PBXResourcesBuildPhase section */

/* Begin PBXSourcesBuildPhase section */
		549BB5471DF8FA3500C6A346 /* Sources */ = {
			isa = PBXSourcesBuildPhase;
			buildActionMask = 2147483647;
			files = (
				549BB57C1DF9068300C6A346 /* TwitterClient.swift in Sources */,
				549BB5821DF9125300C6A346 /* TinderViewController.swift in Sources */,
				549BB5681DF8FAEE00C6A346 /* LoginViewController.swift in Sources */,
				549BB56C1DF9046F00C6A346 /* FoodPlace.swift in Sources */,
				549BB5761DF9059D00C6A346 /* SomeWhereToLove.swift in Sources */,
				549BB57E1DF906A400C6A346 /* FacebookClient.swift in Sources */,
				549BB5661DF8FACF00C6A346 /* LifeViewController.swift in Sources */,
				549BB5781DF905EE00C6A346 /* LiveStreamViewController.swift in Sources */,
				549BB5801DF906C200C6A346 /* GooglePlusClient.swift in Sources */,
				549BB54F1DF8FA3500C6A346 /* AppDelegate.swift in Sources */,
				54A5F7B01DF936BA003EA2C9 /* ChatChitViewController.swift in Sources */,
				549BB57A1DF9061A00C6A346 /* BlogViewController.swift in Sources */,
			);
			runOnlyForDeploymentPostprocessing = 0;
		};
/* End PBXSourcesBuildPhase section */

/* Begin PBXVariantGroup section */
		549BB5521DF8FA3500C6A346 /* Main.storyboard */ = {
			isa = PBXVariantGroup;
			children = (
				549BB5531DF8FA3500C6A346 /* Base */,
			);
			name = Main.storyboard;
			sourceTree = "<group>";
		};
		549BB5571DF8FA3500C6A346 /* LaunchScreen.storyboard */ = {
			isa = PBXVariantGroup;
			children = (
				549BB5581DF8FA3500C6A346 /* Base */,
			);
			name = LaunchScreen.storyboard;
			sourceTree = "<group>";
		};
/* End PBXVariantGroup section */

/* Begin XCBuildConfiguration section */
		549BB55B1DF8FA3500C6A346 /* Debug */ = {
			isa = XCBuildConfiguration;
			buildSettings = {
				ALWAYS_SEARCH_USER_PATHS = NO;
				CLANG_ANALYZER_NONNULL = YES;
				CLANG_CXX_LANGUAGE_STANDARD = "gnu++0x";
				CLANG_CXX_LIBRARY = "libc++";
				CLANG_ENABLE_MODULES = YES;
				CLANG_ENABLE_OBJC_ARC = YES;
				CLANG_WARN_BOOL_CONVERSION = YES;
				CLANG_WARN_CONSTANT_CONVERSION = YES;
				CLANG_WARN_DIRECT_OBJC_ISA_USAGE = YES_ERROR;
				CLANG_WARN_DOCUMENTATION_COMMENTS = YES;
				CLANG_WARN_EMPTY_BODY = YES;
				CLANG_WARN_ENUM_CONVERSION = YES;
				CLANG_WARN_INFINITE_RECURSION = YES;
				CLANG_WARN_INT_CONVERSION = YES;
				CLANG_WARN_OBJC_ROOT_CLASS = YES_ERROR;
				CLANG_WARN_SUSPICIOUS_MOVES = YES;
				CLANG_WARN_UNREACHABLE_CODE = YES;
				CLANG_WARN__DUPLICATE_METHOD_MATCH = YES;
				"CODE_SIGN_IDENTITY[sdk=iphoneos*]" = "iPhone Developer";
				COPY_PHASE_STRIP = NO;
				DEBUG_INFORMATION_FORMAT = dwarf;
				ENABLE_STRICT_OBJC_MSGSEND = YES;
				ENABLE_TESTABILITY = YES;
				GCC_C_LANGUAGE_STANDARD = gnu99;
				GCC_DYNAMIC_NO_PIC = NO;
				GCC_NO_COMMON_BLOCKS = YES;
				GCC_OPTIMIZATION_LEVEL = 0;
				GCC_PREPROCESSOR_DEFINITIONS = (
					"DEBUG=1",
					"$(inherited)",
				);
				GCC_WARN_64_TO_32_BIT_CONVERSION = YES;
				GCC_WARN_ABOUT_RETURN_TYPE = YES_ERROR;
				GCC_WARN_UNDECLARED_SELECTOR = YES;
				GCC_WARN_UNINITIALIZED_AUTOS = YES_AGGRESSIVE;
				GCC_WARN_UNUSED_FUNCTION = YES;
				GCC_WARN_UNUSED_VARIABLE = YES;
				IPHONEOS_DEPLOYMENT_TARGET = 10.1;
				MTL_ENABLE_DEBUG_INFO = YES;
				ONLY_ACTIVE_ARCH = YES;
				SDKROOT = iphoneos;
				SWIFT_ACTIVE_COMPILATION_CONDITIONS = DEBUG;
				SWIFT_OPTIMIZATION_LEVEL = "-Onone";
				TARGETED_DEVICE_FAMILY = "1,2";
			};
			name = Debug;
		};
		549BB55C1DF8FA3500C6A346 /* Release */ = {
			isa = XCBuildConfiguration;
			buildSettings = {
				ALWAYS_SEARCH_USER_PATHS = NO;
				CLANG_ANALYZER_NONNULL = YES;
				CLANG_CXX_LANGUAGE_STANDARD = "gnu++0x";
				CLANG_CXX_LIBRARY = "libc++";
				CLANG_ENABLE_MODULES = YES;
				CLANG_ENABLE_OBJC_ARC = YES;
				CLANG_WARN_BOOL_CONVERSION = YES;
				CLANG_WARN_CONSTANT_CONVERSION = YES;
				CLANG_WARN_DIRECT_OBJC_ISA_USAGE = YES_ERROR;
				CLANG_WARN_DOCUMENTATION_COMMENTS = YES;
				CLANG_WARN_EMPTY_BODY = YES;
				CLANG_WARN_ENUM_CONVERSION = YES;
				CLANG_WARN_INFINITE_RECURSION = YES;
				CLANG_WARN_INT_CONVERSION = YES;
				CLANG_WARN_OBJC_ROOT_CLASS = YES_ERROR;
				CLANG_WARN_SUSPICIOUS_MOVES = YES;
				CLANG_WARN_UNREACHABLE_CODE = YES;
				CLANG_WARN__DUPLICATE_METHOD_MATCH = YES;
				"CODE_SIGN_IDENTITY[sdk=iphoneos*]" = "iPhone Developer";
				COPY_PHASE_STRIP = NO;
				DEBUG_INFORMATION_FORMAT = "dwarf-with-dsym";
				ENABLE_NS_ASSERTIONS = NO;
				ENABLE_STRICT_OBJC_MSGSEND = YES;
				GCC_C_LANGUAGE_STANDARD = gnu99;
				GCC_NO_COMMON_BLOCKS = YES;
				GCC_WARN_64_TO_32_BIT_CONVERSION = YES;
				GCC_WARN_ABOUT_RETURN_TYPE = YES_ERROR;
				GCC_WARN_UNDECLARED_SELECTOR = YES;
				GCC_WARN_UNINITIALIZED_AUTOS = YES_AGGRESSIVE;
				GCC_WARN_UNUSED_FUNCTION = YES;
				GCC_WARN_UNUSED_VARIABLE = YES;
				IPHONEOS_DEPLOYMENT_TARGET = 10.1;
				MTL_ENABLE_DEBUG_INFO = NO;
				SDKROOT = iphoneos;
				SWIFT_OPTIMIZATION_LEVEL = "-Owholemodule";
				TARGETED_DEVICE_FAMILY = "1,2";
				VALIDATE_PRODUCT = YES;
			};
			name = Release;
		};
		549BB55E1DF8FA3500C6A346 /* Debug */ = {
			isa = XCBuildConfiguration;
			buildSettings = {
				ASSETCATALOG_COMPILER_APPICON_NAME = AppIcon;
				INFOPLIST_FILE = YourLife/Info.plist;
				LD_RUNPATH_SEARCH_PATHS = "$(inherited) @executable_path/Frameworks";
				PRODUCT_BUNDLE_IDENTIFIER = FSOFT.YourLife;
				PRODUCT_NAME = "$(TARGET_NAME)";
				SWIFT_VERSION = 3.0;
			};
			name = Debug;
		};
		549BB55F1DF8FA3500C6A346 /* Release */ = {
			isa = XCBuildConfiguration;
			buildSettings = {
				ASSETCATALOG_COMPILER_APPICON_NAME = AppIcon;
				INFOPLIST_FILE = YourLife/Info.plist;
				LD_RUNPATH_SEARCH_PATHS = "$(inherited) @executable_path/Frameworks";
				PRODUCT_BUNDLE_IDENTIFIER = FSOFT.YourLife;
				PRODUCT_NAME = "$(TARGET_NAME)";
				SWIFT_VERSION = 3.0;
			};
			name = Release;
		};
/* End XCBuildConfiguration section */

/* Begin XCConfigurationList section */
		549BB5461DF8FA3500C6A346 /* Build configuration list for PBXProject "YourLife" */ = {
			isa = XCConfigurationList;
			buildConfigurations = (
				549BB55B1DF8FA3500C6A346 /* Debug */,
				549BB55C1DF8FA3500C6A346 /* Release */,
			);
			defaultConfigurationIsVisible = 0;
			defaultConfigurationName = Release;
		};
		549BB55D1DF8FA3500C6A346 /* Build configuration list for PBXNativeTarget "YourLife" */ = {
			isa = XCConfigurationList;
			buildConfigurations = (
				549BB55E1DF8FA3500C6A346 /* Debug */,
				549BB55F1DF8FA3500C6A346 /* Release */,
			);
			defaultConfigurationIsVisible = 0;
			defaultConfigurationName = Release;
		};
/* End XCConfigurationList section */
	};
	rootObject = 549BB5431DF8FA3500C6A346 /* Project object */;
}
